
Microsoft Visual Studio Solution File, Format Version 12.00
# Visual Studio Version 16
VisualStudioVersion = 16.0.31410.357
MinimumVisualStudioVersion = 10.0.40219.1
Project("{2150E333-8FDC-42A3-9474-1A3956D46DE8}") = "PersonalInfoManagement", "PersonalInfoManagement", "{05937A5B-79C6-41BA-9F11-9AEEA41CEF91}"
EndProject
Project("{2150E333-8FDC-42A3-9474-1A3956D46DE8}") = "PIM.Domain", "PIM.Domain", "{AC1322A0-CDC6-4889-916E-E8497D86CC9B}"
EndProject
Project("{2150E333-8FDC-42A3-9474-1A3956D46DE8}") = "PIM.Application", "PIM.Application", "{7C210F03-38F1-4DED-B086-76660F386973}"
EndProject
Project("{2150E333-8FDC-42A3-9474-1A3956D46DE8}") = "PIM.Infrastructure", "PIM.Infrastructure", "{EEA1DF99-5C6A-4E29-A615-9A5FB6C78562}"
EndProject
Project("{9A19103F-16F7-4668-BE54-9A1E7A4F7556}") = "0_Framework", "0_Framework\0_Framework.csproj", "{406A31E3-2952-4AB3-A0BB-C36A410E0F69}"
EndProject
Project("{9A19103F-16F7-4668-BE54-9A1E7A4F7556}") = "01_Query", "01_Query\01_Query.csproj", "{75DB1D6C-1123-4425-A819-742069C02330}"
EndProject
Project("{9A19103F-16F7-4668-BE54-9A1E7A4F7556}") = "PersonalInfo.Domain", "PersonalInfo.Domain\PersonalInfo.Domain.csproj", "{C85BDA0E-473E-4332-ABAE-9868F0505F67}"
EndProject
Project("{9A19103F-16F7-4668-BE54-9A1E7A4F7556}") = "PersonalInfoManagement.Application.Contract", "PersonalInfoManagement.Application.Contract\PersonalInfoManagement.Application.Contract.csproj", "{A7056E7A-D2FE-452B-A04D-82F983192492}"
EndProject
Project("{9A19103F-16F7-4668-BE54-9A1E7A4F7556}") = "PersonalInfoManagement.Application", "PersonalInfoManagement.Application\PersonalInfoManagement.Application.csproj", "{E5F54B7A-FFA0-49E2-8008-740F839D9524}"
EndProject
Project("{9A19103F-16F7-4668-BE54-9A1E7A4F7556}") = "PersonalInfoManagement.Infrastructure.EFCore", "BasicInfoManagement.Infrastructure.EFCore\PersonalInfoManagement.Infrastructure.EFCore.csproj", "{7118A72C-B7DF-4B8C-9D98-4F045A014078}"
EndProject
Project("{9A19103F-16F7-4668-BE54-9A1E7A4F7556}") = "PersonalInfoManagement.Configuration", "BasicInfoManagement.Configuration\PersonalInfoManagement.Configuration.csproj", "{98CDF588-E0AD-4F74-B5B8-52F2299F4D39}"
EndProject
Project("{9A19103F-16F7-4668-BE54-9A1E7A4F7556}") = "ServiceHost", "ServiceHost\ServiceHost.csproj", "{815D539F-81E5-4F90-BA25-381960556880}"
EndProject
Project("{2150E333-8FDC-42A3-9474-1A3956D46DE8}") = "ProjectManagement", "ProjectManagement", "{0477D83B-BBAE-476B-BDF2-C5873E52052D}"
EndProject
Project("{2150E333-8FDC-42A3-9474-1A3956D46DE8}") = "PM.Application", "PM.Application", "{EA4B4BD9-55DA-497E-833D-717E56EDE889}"
EndProject
Project("{2150E333-8FDC-42A3-9474-1A3956D46DE8}") = "PM.Domain", "PM.Domain", "{9F3A1DA7-1A8B-47E9-86CD-50A416E344FC}"
EndProject
Project("{2150E333-8FDC-42A3-9474-1A3956D46DE8}") = "PM.Infrastructure", "PM.Infrastructure", "{F65528AE-D0C8-48C6-BF5F-735A6C552D21}"
EndProject
Project("{9A19103F-16F7-4668-BE54-9A1E7A4F7556}") = "ProjectManagement.Domain", "ProjectManagement.Domain\ProjectManagement.Domain.csproj", "{B6ED044A-B8D0-4164-9C27-059ABB6ABECB}"
EndProject
Project("{9A19103F-16F7-4668-BE54-9A1E7A4F7556}") = "ProjectManagement.Application.Contract", "ProjectManagement.Application.Contract\ProjectManagement.Application.Contract.csproj", "{2815304B-967D-49C4-822D-3BF70D2A12BA}"
EndProject
Project("{9A19103F-16F7-4668-BE54-9A1E7A4F7556}") = "ProjectManagement.Application", "ProjectManagement.Application\ProjectManagement.Application.csproj", "{0FABEFD1-0BF9-4DE6-BB53-CBC604595F07}"
EndProject
Project("{9A19103F-16F7-4668-BE54-9A1E7A4F7556}") = "ProjectManagement.Infrastructure.EFCore", "ProjectManagement.Infrastructure.EFCore\ProjectManagement.Infrastructure.EFCore.csproj", "{D6065CB1-8ED2-4FD1-9DE4-13C7C5C3FDFC}"
EndProject
Project("{9A19103F-16F7-4668-BE54-9A1E7A4F7556}") = "ProjectManagement.Configuration", "ProjectManagement.Configuration\ProjectManagement.Configuration.csproj", "{91B6AEB8-D9D2-4E6D-9710-E44B9685620D}"
EndProject
Project("{2150E333-8FDC-42A3-9474-1A3956D46DE8}") = "ServicesManagement", "ServicesManagement", "{CBF89B5D-8FCA-4164-B602-6721B56CDA4C}"
EndProject
Project("{2150E333-8FDC-42A3-9474-1A3956D46DE8}") = "SM.Application", "SM.Application", "{7BD32302-804E-4BB5-8684-51DFCF526261}"
EndProject
Project("{2150E333-8FDC-42A3-9474-1A3956D46DE8}") = "SM.Domain", "SM.Domain", "{175D2E5B-41B9-45A9-AA0C-F88B1DF9EBD6}"
EndProject
Project("{2150E333-8FDC-42A3-9474-1A3956D46DE8}") = "SM.Infrastructure", "SM.Infrastructure", "{C78AA4FA-1487-4FA1-9309-284A633902FC}"
EndProject
Project("{9A19103F-16F7-4668-BE54-9A1E7A4F7556}") = "ServiceManagement.Domain", "ServiceManagement.Domain\ServiceManagement.Domain.csproj", "{16CD8B97-F9B5-4183-A4AB-01C476E728CB}"
EndProject
Project("{9A19103F-16F7-4668-BE54-9A1E7A4F7556}") = "ServiceManagement.Application.Contract", "ServiceManagement.Application.Contract\ServiceManagement.Application.Contract.csproj", "{FC684601-9C26-4792-A075-AEC49347BCCE}"
EndProject
Project("{9A19103F-16F7-4668-BE54-9A1E7A4F7556}") = "ServiceManagement.Application", "ServiceManagement.Application\ServiceManagement.Application.csproj", "{D60D0ABF-83F9-4C7E-A047-F3C808A0FA7A}"
EndProject
Project("{9A19103F-16F7-4668-BE54-9A1E7A4F7556}") = "ServiceManagements.Infrastructure.EFCore", "ServiceManagements.Infrastructure.EFCore\ServiceManagements.Infrastructure.EFCore.csproj", "{17999ABD-FA05-44A8-8965-470D3CB9A847}"
EndProject
Project("{9A19103F-16F7-4668-BE54-9A1E7A4F7556}") = "ServiceManagement.Configuration", "ServiceManagement.Configuration\ServiceManagement.Configuration.csproj", "{5709F9E4-8AA1-4476-BA2E-EC8663E21E28}"
EndProject
Project("{2150E333-8FDC-42A3-9474-1A3956D46DE8}") = "BlogManagement", "BlogManagement", "{D0109625-779A-41D9-8362-418B1EAB5B80}"
EndProject
Project("{2150E333-8FDC-42A3-9474-1A3956D46DE8}") = "BM.Application", "BM.Application", "{2E81BE57-7C2C-42EC-A6FC-FA7CDE0662E9}"
EndProject
Project("{2150E333-8FDC-42A3-9474-1A3956D46DE8}") = "BM.Domain", "BM.Domain", "{1EAF6816-099C-4AF5-9F25-D5F75846A5A0}"
EndProject
Project("{2150E333-8FDC-42A3-9474-1A3956D46DE8}") = "BM.Infrastructure", "BM.Infrastructure", "{B3DBA5CA-7248-4CC6-98D4-96D69153F936}"
EndProject
Project("{FAE04EC0-301F-11D3-BF4B-00C04F79EFBC}") = "BlogManagement.Domain", "BlogManagement.Domain\BlogManagement.Domain.csproj", "{A6827520-B66D-451A-915A-AEB340F541E9}"
EndProject
Project("{FAE04EC0-301F-11D3-BF4B-00C04F79EFBC}") = "BlogManegement.Application.Contract", "BlogManegement.Application.Contract\BlogManegement.Application.Contract.csproj", "{DBBEEB8B-1A48-4E1D-8FC6-086BD3863BEE}"
EndProject
Project("{FAE04EC0-301F-11D3-BF4B-00C04F79EFBC}") = "BlogManagement.Application", "BlogManagement.Application\BlogManagement.Application.csproj", "{8CEE09AA-5826-41BF-B3B7-D143D6923E3A}"
EndProject
Project("{FAE04EC0-301F-11D3-BF4B-00C04F79EFBC}") = "BlogManagement.Infrastructure.EFCore", "BlogManagement.Infrastructure.EFCore\BlogManagement.Infrastructure.EFCore.csproj", "{C256C7A6-A9AB-4049-8A7C-E21360279904}"
EndProject
Project("{FAE04EC0-301F-11D3-BF4B-00C04F79EFBC}") = "BlogManagement.Configuration", "BlogManagement.Configuration\BlogManagement.Configuration.csproj", "{73816AB3-BB17-4F17-9741-274D819D091C}"
EndProject
Global
	GlobalSection(SolutionConfigurationPlatforms) = preSolution
		Debug|Any CPU = Debug|Any CPU
		Release|Any CPU = Release|Any CPU
	EndGlobalSection
	GlobalSection(ProjectConfigurationPlatforms) = postSolution
		{406A31E3-2952-4AB3-A0BB-C36A410E0F69}.Debug|Any CPU.ActiveCfg = Debug|Any CPU
		{406A31E3-2952-4AB3-A0BB-C36A410E0F69}.Debug|Any CPU.Build.0 = Debug|Any CPU
		{406A31E3-2952-4AB3-A0BB-C36A410E0F69}.Release|Any CPU.ActiveCfg = Release|Any CPU
		{406A31E3-2952-4AB3-A0BB-C36A410E0F69}.Release|Any CPU.Build.0 = Release|Any CPU
		{75DB1D6C-1123-4425-A819-742069C02330}.Debug|Any CPU.ActiveCfg = Debug|Any CPU
		{75DB1D6C-1123-4425-A819-742069C02330}.Debug|Any CPU.Build.0 = Debug|Any CPU
		{75DB1D6C-1123-4425-A819-742069C02330}.Release|Any CPU.ActiveCfg = Release|Any CPU
		{75DB1D6C-1123-4425-A819-742069C02330}.Release|Any CPU.Build.0 = Release|Any CPU
		{C85BDA0E-473E-4332-ABAE-9868F0505F67}.Debug|Any CPU.ActiveCfg = Debug|Any CPU
		{C85BDA0E-473E-4332-ABAE-9868F0505F67}.Debug|Any CPU.Build.0 = Debug|Any CPU
		{C85BDA0E-473E-4332-ABAE-9868F0505F67}.Release|Any CPU.ActiveCfg = Release|Any CPU
		{C85BDA0E-473E-4332-ABAE-9868F0505F67}.Release|Any CPU.Build.0 = Release|Any CPU
		{A7056E7A-D2FE-452B-A04D-82F983192492}.Debug|Any CPU.ActiveCfg = Debug|Any CPU
		{A7056E7A-D2FE-452B-A04D-82F983192492}.Debug|Any CPU.Build.0 = Debug|Any CPU
		{A7056E7A-D2FE-452B-A04D-82F983192492}.Release|Any CPU.ActiveCfg = Release|Any CPU
		{A7056E7A-D2FE-452B-A04D-82F983192492}.Release|Any CPU.Build.0 = Release|Any CPU
		{E5F54B7A-FFA0-49E2-8008-740F839D9524}.Debug|Any CPU.ActiveCfg = Debug|Any CPU
		{E5F54B7A-FFA0-49E2-8008-740F839D9524}.Debug|Any CPU.Build.0 = Debug|Any CPU
		{E5F54B7A-FFA0-49E2-8008-740F839D9524}.Release|Any CPU.ActiveCfg = Release|Any CPU
		{E5F54B7A-FFA0-49E2-8008-740F839D9524}.Release|Any CPU.Build.0 = Release|Any CPU
		{7118A72C-B7DF-4B8C-9D98-4F045A014078}.Debug|Any CPU.ActiveCfg = Debug|Any CPU
		{7118A72C-B7DF-4B8C-9D98-4F045A014078}.Debug|Any CPU.Build.0 = Debug|Any CPU
		{7118A72C-B7DF-4B8C-9D98-4F045A014078}.Release|Any CPU.ActiveCfg = Release|Any CPU
		{7118A72C-B7DF-4B8C-9D98-4F045A014078}.Release|Any CPU.Build.0 = Release|Any CPU
		{98CDF588-E0AD-4F74-B5B8-52F2299F4D39}.Debug|Any CPU.ActiveCfg = Debug|Any CPU
		{98CDF588-E0AD-4F74-B5B8-52F2299F4D39}.Debug|Any CPU.Build.0 = Debug|Any CPU
		{98CDF588-E0AD-4F74-B5B8-52F2299F4D39}.Release|Any CPU.ActiveCfg = Release|Any CPU
		{98CDF588-E0AD-4F74-B5B8-52F2299F4D39}.Release|Any CPU.Build.0 = Release|Any CPU
		{815D539F-81E5-4F90-BA25-381960556880}.Debug|Any CPU.ActiveCfg = Debug|Any CPU
		{815D539F-81E5-4F90-BA25-381960556880}.Debug|Any CPU.Build.0 = Debug|Any CPU
		{815D539F-81E5-4F90-BA25-381960556880}.Release|Any CPU.ActiveCfg = Release|Any CPU
		{815D539F-81E5-4F90-BA25-381960556880}.Release|Any CPU.Build.0 = Release|Any CPU
		{B6ED044A-B8D0-4164-9C27-059ABB6ABECB}.Debug|Any CPU.ActiveCfg = Debug|Any CPU
		{B6ED044A-B8D0-4164-9C27-059ABB6ABECB}.Debug|Any CPU.Build.0 = Debug|Any CPU
		{B6ED044A-B8D0-4164-9C27-059ABB6ABECB}.Release|Any CPU.ActiveCfg = Release|Any CPU
		{B6ED044A-B8D0-4164-9C27-059ABB6ABECB}.Release|Any CPU.Build.0 = Release|Any CPU
		{2815304B-967D-49C4-822D-3BF70D2A12BA}.Debug|Any CPU.ActiveCfg = Debug|Any CPU
		{2815304B-967D-49C4-822D-3BF70D2A12BA}.Debug|Any CPU.Build.0 = Debug|Any CPU
		{2815304B-967D-49C4-822D-3BF70D2A12BA}.Release|Any CPU.ActiveCfg = Release|Any CPU
		{2815304B-967D-49C4-822D-3BF70D2A12BA}.Release|Any CPU.Build.0 = Release|Any CPU
		{0FABEFD1-0BF9-4DE6-BB53-CBC604595F07}.Debug|Any CPU.ActiveCfg = Debug|Any CPU
		{0FABEFD1-0BF9-4DE6-BB53-CBC604595F07}.Debug|Any CPU.Build.0 = Debug|Any CPU
		{0FABEFD1-0BF9-4DE6-BB53-CBC604595F07}.Release|Any CPU.ActiveCfg = Release|Any CPU
		{0FABEFD1-0BF9-4DE6-BB53-CBC604595F07}.Release|Any CPU.Build.0 = Release|Any CPU
		{D6065CB1-8ED2-4FD1-9DE4-13C7C5C3FDFC}.Debug|Any CPU.ActiveCfg = Debug|Any CPU
		{D6065CB1-8ED2-4FD1-9DE4-13C7C5C3FDFC}.Debug|Any CPU.Build.0 = Debug|Any CPU
		{D6065CB1-8ED2-4FD1-9DE4-13C7C5C3FDFC}.Release|Any CPU.ActiveCfg = Release|Any CPU
		{D6065CB1-8ED2-4FD1-9DE4-13C7C5C3FDFC}.Release|Any CPU.Build.0 = Release|Any CPU
		{91B6AEB8-D9D2-4E6D-9710-E44B9685620D}.Debug|Any CPU.ActiveCfg = Debug|Any CPU
		{91B6AEB8-D9D2-4E6D-9710-E44B9685620D}.Debug|Any CPU.Build.0 = Debug|Any CPU
		{91B6AEB8-D9D2-4E6D-9710-E44B9685620D}.Release|Any CPU.ActiveCfg = Release|Any CPU
		{91B6AEB8-D9D2-4E6D-9710-E44B9685620D}.Release|Any CPU.Build.0 = Release|Any CPU
		{16CD8B97-F9B5-4183-A4AB-01C476E728CB}.Debug|Any CPU.ActiveCfg = Debug|Any CPU
		{16CD8B97-F9B5-4183-A4AB-01C476E728CB}.Debug|Any CPU.Build.0 = Debug|Any CPU
		{16CD8B97-F9B5-4183-A4AB-01C476E728CB}.Release|Any CPU.ActiveCfg = Release|Any CPU
		{16CD8B97-F9B5-4183-A4AB-01C476E728CB}.Release|Any CPU.Build.0 = Release|Any CPU
		{FC684601-9C26-4792-A075-AEC49347BCCE}.Debug|Any CPU.ActiveCfg = Debug|Any CPU
		{FC684601-9C26-4792-A075-AEC49347BCCE}.Debug|Any CPU.Build.0 = Debug|Any CPU
		{FC684601-9C26-4792-A075-AEC49347BCCE}.Release|Any CPU.ActiveCfg = Release|Any CPU
		{FC684601-9C26-4792-A075-AEC49347BCCE}.Release|Any CPU.Build.0 = Release|Any CPU
		{D60D0ABF-83F9-4C7E-A047-F3C808A0FA7A}.Debug|Any CPU.ActiveCfg = Debug|Any CPU
		{D60D0ABF-83F9-4C7E-A047-F3C808A0FA7A}.Debug|Any CPU.Build.0 = Debug|Any CPU
		{D60D0ABF-83F9-4C7E-A047-F3C808A0FA7A}.Release|Any CPU.ActiveCfg = Release|Any CPU
		{D60D0ABF-83F9-4C7E-A047-F3C808A0FA7A}.Release|Any CPU.Build.0 = Release|Any CPU
		{17999ABD-FA05-44A8-8965-470D3CB9A847}.Debug|Any CPU.ActiveCfg = Debug|Any CPU
		{17999ABD-FA05-44A8-8965-470D3CB9A847}.Debug|Any CPU.Build.0 = Debug|Any CPU
		{17999ABD-FA05-44A8-8965-470D3CB9A847}.Release|Any CPU.ActiveCfg = Release|Any CPU
		{17999ABD-FA05-44A8-8965-470D3CB9A847}.Release|Any CPU.Build.0 = Release|Any CPU
		{5709F9E4-8AA1-4476-BA2E-EC8663E21E28}.Debug|Any CPU.ActiveCfg = Debug|Any CPU
		{5709F9E4-8AA1-4476-BA2E-EC8663E21E28}.Debug|Any CPU.Build.0 = Debug|Any CPU
		{5709F9E4-8AA1-4476-BA2E-EC8663E21E28}.Release|Any CPU.ActiveCfg = Release|Any CPU
		{5709F9E4-8AA1-4476-BA2E-EC8663E21E28}.Release|Any CPU.Build.0 = Release|Any CPU
		{A6827520-B66D-451A-915A-AEB340F541E9}.Debug|Any CPU.ActiveCfg = Debug|Any CPU
		{A6827520-B66D-451A-915A-AEB340F541E9}.Debug|Any CPU.Build.0 = Debug|Any CPU
		{A6827520-B66D-451A-915A-AEB340F541E9}.Release|Any CPU.ActiveCfg = Release|Any CPU
		{A6827520-B66D-451A-915A-AEB340F541E9}.Release|Any CPU.Build.0 = Release|Any CPU
		{DBBEEB8B-1A48-4E1D-8FC6-086BD3863BEE}.Debug|Any CPU.ActiveCfg = Debug|Any CPU
		{DBBEEB8B-1A48-4E1D-8FC6-086BD3863BEE}.Debug|Any CPU.Build.0 = Debug|Any CPU
		{DBBEEB8B-1A48-4E1D-8FC6-086BD3863BEE}.Release|Any CPU.ActiveCfg = Release|Any CPU
		{DBBEEB8B-1A48-4E1D-8FC6-086BD3863BEE}.Release|Any CPU.Build.0 = Release|Any CPU
		{8CEE09AA-5826-41BF-B3B7-D143D6923E3A}.Debug|Any CPU.ActiveCfg = Debug|Any CPU
		{8CEE09AA-5826-41BF-B3B7-D143D6923E3A}.Debug|Any CPU.Build.0 = Debug|Any CPU
		{8CEE09AA-5826-41BF-B3B7-D143D6923E3A}.Release|Any CPU.ActiveCfg = Release|Any CPU
		{8CEE09AA-5826-41BF-B3B7-D143D6923E3A}.Release|Any CPU.Build.0 = Release|Any CPU
		{C256C7A6-A9AB-4049-8A7C-E21360279904}.Debug|Any CPU.ActiveCfg = Debug|Any CPU
		{C256C7A6-A9AB-4049-8A7C-E21360279904}.Debug|Any CPU.Build.0 = Debug|Any CPU
		{C256C7A6-A9AB-4049-8A7C-E21360279904}.Release|Any CPU.ActiveCfg = Release|Any CPU
		{C256C7A6-A9AB-4049-8A7C-E21360279904}.Release|Any CPU.Build.0 = Release|Any CPU
		{73816AB3-BB17-4F17-9741-274D819D091C}.Debug|Any CPU.ActiveCfg = Debug|Any CPU
		{73816AB3-BB17-4F17-9741-274D819D091C}.Debug|Any CPU.Build.0 = Debug|Any CPU
		{73816AB3-BB17-4F17-9741-274D819D091C}.Release|Any CPU.ActiveCfg = Release|Any CPU
		{73816AB3-BB17-4F17-9741-274D819D091C}.Release|Any CPU.Build.0 = Release|Any CPU
	EndGlobalSection
	GlobalSection(SolutionProperties) = preSolution
		HideSolutionNode = FALSE
	EndGlobalSection
	GlobalSection(NestedProjects) = preSolution
		{AC1322A0-CDC6-4889-916E-E8497D86CC9B} = {05937A5B-79C6-41BA-9F11-9AEEA41CEF91}
		{7C210F03-38F1-4DED-B086-76660F386973} = {05937A5B-79C6-41BA-9F11-9AEEA41CEF91}
		{EEA1DF99-5C6A-4E29-A615-9A5FB6C78562} = {05937A5B-79C6-41BA-9F11-9AEEA41CEF91}
		{C85BDA0E-473E-4332-ABAE-9868F0505F67} = {AC1322A0-CDC6-4889-916E-E8497D86CC9B}
		{A7056E7A-D2FE-452B-A04D-82F983192492} = {7C210F03-38F1-4DED-B086-76660F386973}
		{E5F54B7A-FFA0-49E2-8008-740F839D9524} = {7C210F03-38F1-4DED-B086-76660F386973}
		{7118A72C-B7DF-4B8C-9D98-4F045A014078} = {EEA1DF99-5C6A-4E29-A615-9A5FB6C78562}
		{98CDF588-E0AD-4F74-B5B8-52F2299F4D39} = {EEA1DF99-5C6A-4E29-A615-9A5FB6C78562}
		{EA4B4BD9-55DA-497E-833D-717E56EDE889} = {0477D83B-BBAE-476B-BDF2-C5873E52052D}
		{9F3A1DA7-1A8B-47E9-86CD-50A416E344FC} = {0477D83B-BBAE-476B-BDF2-C5873E52052D}
		{F65528AE-D0C8-48C6-BF5F-735A6C552D21} = {0477D83B-BBAE-476B-BDF2-C5873E52052D}
		{B6ED044A-B8D0-4164-9C27-059ABB6ABECB} = {9F3A1DA7-1A8B-47E9-86CD-50A416E344FC}
		{2815304B-967D-49C4-822D-3BF70D2A12BA} = {EA4B4BD9-55DA-497E-833D-717E56EDE889}
		{0FABEFD1-0BF9-4DE6-BB53-CBC604595F07} = {EA4B4BD9-55DA-497E-833D-717E56EDE889}
		{D6065CB1-8ED2-4FD1-9DE4-13C7C5C3FDFC} = {F65528AE-D0C8-48C6-BF5F-735A6C552D21}
		{91B6AEB8-D9D2-4E6D-9710-E44B9685620D} = {F65528AE-D0C8-48C6-BF5F-735A6C552D21}
		{7BD32302-804E-4BB5-8684-51DFCF526261} = {CBF89B5D-8FCA-4164-B602-6721B56CDA4C}
		{175D2E5B-41B9-45A9-AA0C-F88B1DF9EBD6} = {CBF89B5D-8FCA-4164-B602-6721B56CDA4C}
		{C78AA4FA-1487-4FA1-9309-284A633902FC} = {CBF89B5D-8FCA-4164-B602-6721B56CDA4C}
		{16CD8B97-F9B5-4183-A4AB-01C476E728CB} = {175D2E5B-41B9-45A9-AA0C-F88B1DF9EBD6}
		{FC684601-9C26-4792-A075-AEC49347BCCE} = {7BD32302-804E-4BB5-8684-51DFCF526261}
		{D60D0ABF-83F9-4C7E-A047-F3C808A0FA7A} = {7BD32302-804E-4BB5-8684-51DFCF526261}
		{17999ABD-FA05-44A8-8965-470D3CB9A847} = {C78AA4FA-1487-4FA1-9309-284A633902FC}
		{5709F9E4-8AA1-4476-BA2E-EC8663E21E28} = {C78AA4FA-1487-4FA1-9309-284A633902FC}
		{2E81BE57-7C2C-42EC-A6FC-FA7CDE0662E9} = {D0109625-779A-41D9-8362-418B1EAB5B80}
		{1EAF6816-099C-4AF5-9F25-D5F75846A5A0} = {D0109625-779A-41D9-8362-418B1EAB5B80}
		{B3DBA5CA-7248-4CC6-98D4-96D69153F936} = {D0109625-779A-41D9-8362-418B1EAB5B80}
		{A6827520-B66D-451A-915A-AEB340F541E9} = {1EAF6816-099C-4AF5-9F25-D5F75846A5A0}
		{DBBEEB8B-1A48-4E1D-8FC6-086BD3863BEE} = {2E81BE57-7C2C-42EC-A6FC-FA7CDE0662E9}
		{8CEE09AA-5826-41BF-B3B7-D143D6923E3A} = {2E81BE57-7C2C-42EC-A6FC-FA7CDE0662E9}
		{C256C7A6-A9AB-4049-8A7C-E21360279904} = {B3DBA5CA-7248-4CC6-98D4-96D69153F936}
		{73816AB3-BB17-4F17-9741-274D819D091C} = {B3DBA5CA-7248-4CC6-98D4-96D69153F936}
	EndGlobalSection
	GlobalSection(ExtensibilityGlobals) = postSolution
		SolutionGuid = {FA8A76CB-F1D2-43B7-B5BF-9F1391CAF4A1}
	EndGlobalSection
EndGlobal
