
Microsoft Visual Studio Solution File, Format Version 12.00
# Visual Studio Version 16
VisualStudioVersion = 16.0.30717.126
MinimumVisualStudioVersion = 10.0.40219.1
Project("{9A19103F-16F7-4668-BE54-9A1E7A4F7556}") = "MyPersonalWebsite", "MyPersonalWebsite\MyPersonalWebsite.csproj", "{FDC77F2D-35BE-435B-91C4-48ACBD1CEB44}"
EndProject
Global
	GlobalSection(SolutionConfigurationPlatforms) = preSolution
		Debug|Any CPU = Debug|Any CPU
		Release|Any CPU = Release|Any CPU
	EndGlobalSection
	GlobalSection(ProjectConfigurationPlatforms) = postSolution
		{FDC77F2D-35BE-435B-91C4-48ACBD1CEB44}.Debug|Any CPU.ActiveCfg = Debug|Any CPU
		{FDC77F2D-35BE-435B-91C4-48ACBD1CEB44}.Debug|Any CPU.Build.0 = Debug|Any CPU
		{FDC77F2D-35BE-435B-91C4-48ACBD1CEB44}.Release|Any CPU.ActiveCfg = Release|Any CPU
		{FDC77F2D-35BE-435B-91C4-48ACBD1CEB44}.Release|Any CPU.Build.0 = Release|Any CPU
	EndGlobalSection
	GlobalSection(SolutionProperties) = preSolution
		HideSolutionNode = FALSE
	EndGlobalSection
	GlobalSection(ExtensibilityGlobals) = postSolution
		SolutionGuid = {FBA67602-A34E-4943-A7EC-B045A74710DE}
	EndGlobalSection
EndGlobal
